// !$*UTF8*$!
{
	archiveVersion = 1;
	classes = {
	};
	objectVersion = 46;
	objects = {

/* Begin PBXBuildFile section */
		19D89F831CC2B0ED00BF7801 /* main.m in Sources */ = {isa = PBXBuildFile; fileRef = 19D89F821CC2B0ED00BF7801 /* main.m */; };
		19D89F861CC2B0ED00BF7801 /* AppDelegate.m in Sources */ = {isa = PBXBuildFile; fileRef = 19D89F851CC2B0ED00BF7801 /* AppDelegate.m */; };
		19D89F891CC2B0ED00BF7801 /* ViewController.m in Sources */ = {isa = PBXBuildFile; fileRef = 19D89F881CC2B0ED00BF7801 /* ViewController.m */; };
		19D89F8C1CC2B0ED00BF7801 /* Main.storyboard in Resources */ = {isa = PBXBuildFile; fileRef = 19D89F8A1CC2B0ED00BF7801 /* Main.storyboard */; };
		19D89F8E1CC2B0ED00BF7801 /* Assets.xcassets in Resources */ = {isa = PBXBuildFile; fileRef = 19D89F8D1CC2B0ED00BF7801 /* Assets.xcassets */; };
		19D89F911CC2B0ED00BF7801 /* LaunchScreen.storyboard in Resources */ = {isa = PBXBuildFile; fileRef = 19D89F8F1CC2B0ED00BF7801 /* LaunchScreen.storyboard */; };
		19D89F9C1CC2B0EE00BF7801 /* DemoTests.m in Sources */ = {isa = PBXBuildFile; fileRef = 19D89F9B1CC2B0EE00BF7801 /* DemoTests.m */; };
		19D89FA71CC2B0EE00BF7801 /* DemoUITests.m in Sources */ = {isa = PBXBuildFile; fileRef = 19D89FA61CC2B0EE00BF7801 /* DemoUITests.m */; };
		19D89FB61CC2B29D00BF7801 /* TXTouchView.m in Sources */ = {isa = PBXBuildFile; fileRef = 19D89FB51CC2B29D00BF7801 /* TXTouchView.m */; };
		3E8FA4AB1CC5D80000416AC1 /* YYMylayer.m in Sources */ = {isa = PBXBuildFile; fileRef = 3E8FA4AA1CC5D80000416AC1 /* YYMylayer.m */; };
/* End PBXBuildFile section */

/* Begin PBXContainerItemProxy section */
		19D89F981CC2B0EE00BF7801 /* PBXContainerItemProxy */ = {
			isa = PBXContainerItemProxy;
			containerPortal = 19D89F761CC2B0ED00BF7801 /* Project object */;
			proxyType = 1;
			remoteGlobalIDString = 19D89F7D1CC2B0ED00BF7801;
			remoteInfo = Demo;
		};
		19D89FA31CC2B0EE00BF7801 /* PBXContainerItemProxy */ = {
			isa = PBXContainerItemProxy;
			containerPortal = 19D89F761CC2B0ED00BF7801 /* Project object */;
			proxyType = 1;
			remoteGlobalIDString = 19D89F7D1CC2B0ED00BF7801;
			remoteInfo = Demo;
		};
/* End PBXContainerItemProxy section */

/* Begin PBXFileReference section */
		19D89F7E1CC2B0ED00BF7801 /* Demo.app */ = {isa = PBXFileReference; explicitFileType = wrapper.application; includeInIndex = 0; path = Demo.app; sourceTree = BUILT_PRODUCTS_DIR; };
		19D89F821CC2B0ED00BF7801 /* main.m */ = {isa = PBXFileReference; lastKnownFileType = sourcecode.c.objc; path = main.m; sourceTree = "<group>"; };
		19D89F841CC2B0ED00BF7801 /* AppDelegate.h */ = {isa = PBXFileReference; lastKnownFileType = sourcecode.c.h; path = AppDelegate.h; sourceTree = "<group>"; };
		19D89F851CC2B0ED00BF7801 /* AppDelegate.m */ = {isa = PBXFileReference; lastKnownFileType = sourcecode.c.objc; path = AppDelegate.m; sourceTree = "<group>"; };
		19D89F871CC2B0ED00BF7801 /* ViewController.h */ = {isa = PBXFileReference; lastKnownFileType = sourcecode.c.h; path = ViewController.h; sourceTree = "<group>"; };
		19D89F881CC2B0ED00BF7801 /* ViewController.m */ = {isa = PBXFileReference; lastKnownFileType = sourcecode.c.objc; path = ViewController.m; sourceTree = "<group>"; };
		19D89F8B1CC2B0ED00BF7801 /* Base */ = {isa = PBXFileReference; lastKnownFileType = file.storyboard; name = Base; path = Base.lproj/Main.storyboard; sourceTree = "<group>"; };
		19D89F8D1CC2B0ED00BF7801 /* Assets.xcassets */ = {isa = PBXFileReference; lastKnownFileType = folder.assetcatalog; path = Assets.xcassets; sourceTree = "<group>"; };
		19D89F901CC2B0ED00BF7801 /* Base */ = {isa = PBXFileReference; lastKnownFileType = file.storyboard; name = Base; path = Base.lproj/LaunchScreen.storyboard; sourceTree = "<group>"; };
		19D89F921CC2B0ED00BF7801 /* Info.plist */ = {isa = PBXFileReference; lastKnownFileType = text.plist.xml; path = Info.plist; sourceTree = "<group>"; };
		19D89F971CC2B0EE00BF7801 /* DemoTests.xctest */ = {isa = PBXFileReference; explicitFileType = wrapper.cfbundle; includeInIndex = 0; path = DemoTests.xctest; sourceTree = BUILT_PRODUCTS_DIR; };
		19D89F9B1CC2B0EE00BF7801 /* DemoTests.m */ = {isa = PBXFileReference; lastKnownFileType = sourcecode.c.objc; path = DemoTests.m; sourceTree = "<group>"; };
		19D89F9D1CC2B0EE00BF7801 /* Info.plist */ = {isa = PBXFileReference; lastKnownFileType = text.plist.xml; path = Info.plist; sourceTree = "<group>"; };
		19D89FA21CC2B0EE00BF7801 /* DemoUITests.xctest */ = {isa = PBXFileReference; explicitFileType = wrapper.cfbundle; includeInIndex = 0; path = DemoUITests.xctest; sourceTree = BUILT_PRODUCTS_DIR; };
		19D89FA61CC2B0EE00BF7801 /* DemoUITests.m */ = {isa = PBXFileReference; lastKnownFileType = sourcecode.c.objc; path = DemoUITests.m; sourceTree = "<group>"; };
		19D89FA81CC2B0EE00BF7801 /* Info.plist */ = {isa = PBXFileReference; lastKnownFileType = text.plist.xml; path = Info.plist; sourceTree = "<group>"; };
		19D89FB41CC2B29D00BF7801 /* TXTouchView.h */ = {isa = PBXFileReference; fileEncoding = 4; lastKnownFileType = sourcecode.c.h; path = TXTouchView.h; sourceTree = "<group>"; };
		19D89FB51CC2B29D00BF7801 /* TXTouchView.m */ = {isa = PBXFileReference; fileEncoding = 4; lastKnownFileType = sourcecode.c.objc; path = TXTouchView.m; sourceTree = "<group>"; };
		3E8FA4A91CC5D80000416AC1 /* YYMylayer.h */ = {isa = PBXFileReference; fileEncoding = 4; lastKnownFileType = sourcecode.c.h; path = YYMylayer.h; sourceTree = "<group>"; };
		3E8FA4AA1CC5D80000416AC1 /* YYMylayer.m */ = {isa = PBXFileReference; fileEncoding = 4; lastKnownFileType = sourcecode.c.objc; path = YYMylayer.m; sourceTree = "<group>"; };
/* End PBXFileReference section */

/* Begin PBXFrameworksBuildPhase section */
		19D89F7B1CC2B0ED00BF7801 /* Frameworks */ = {
			isa = PBXFrameworksBuildPhase;
			buildActionMask = 2147483647;
			files = (
			);
			runOnlyForDeploymentPostprocessing = 0;
		};
		19D89F941CC2B0EE00BF7801 /* Frameworks */ = {
			isa = PBXFrameworksBuildPhase;
			buildActionMask = 2147483647;
			files = (
			);
			runOnlyForDeploymentPostprocessing = 0;
		};
		19D89F9F1CC2B0EE00BF7801 /* Frameworks */ = {
			isa = PBXFrameworksBuildPhase;
			buildActionMask = 2147483647;
			files = (
			);
			runOnlyForDeploymentPostprocessing = 0;
		};
/* End PBXFrameworksBuildPhase section */

/* Begin PBXGroup section */
		19D89F751CC2B0ED00BF7801 = {
			isa = PBXGroup;
			children = (
				19D89F801CC2B0ED00BF7801 /* Demo */,
				19D89F9A1CC2B0EE00BF7801 /* DemoTests */,
				19D89FA51CC2B0EE00BF7801 /* DemoUITests */,
				19D89F7F1CC2B0ED00BF7801 /* Products */,
			);
			sourceTree = "<group>";
		};
		19D89F7F1CC2B0ED00BF7801 /* Products */ = {
			isa = PBXGroup;
			children = (
				19D89F7E1CC2B0ED00BF7801 /* Demo.app */,
				19D89F971CC2B0EE00BF7801 /* DemoTests.xctest */,
				19D89FA21CC2B0EE00BF7801 /* DemoUITests.xctest */,
			);
			name = Products;
			sourceTree = "<group>";
		};
		19D89F801CC2B0ED00BF7801 /* Demo */ = {
			isa = PBXGroup;
			children = (
				19D89F841CC2B0ED00BF7801 /* AppDelegate.h */,
				19D89F851CC2B0ED00BF7801 /* AppDelegate.m */,
				19D89F871CC2B0ED00BF7801 /* ViewController.h */,
				19D89F881CC2B0ED00BF7801 /* ViewController.m */,
				19D89FB41CC2B29D00BF7801 /* TXTouchView.h */,
				19D89FB51CC2B29D00BF7801 /* TXTouchView.m */,
				19D89F8A1CC2B0ED00BF7801 /* Main.storyboard */,
				19D89F8D1CC2B0ED00BF7801 /* Assets.xcassets */,
				19D89F8F1CC2B0ED00BF7801 /* LaunchScreen.storyboard */,
				19D89F921CC2B0ED00BF7801 /* Info.plist */,
				19D89F811CC2B0ED00BF7801 /* Supporting Files */,
				3E8FA4A91CC5D80000416AC1 /* YYMylayer.h */,
				3E8FA4AA1CC5D80000416AC1 /* YYMylayer.m */,
			);
			path = Demo;
			sourceTree = "<group>";
		};
		19D89F811CC2B0ED00BF7801 /* Supporting Files */ = {
			isa = PBXGroup;
			children = (
				19D89F821CC2B0ED00BF7801 /* main.m */,
			);
			name = "Supporting Files";
			sourceTree = "<group>";
		};
		19D89F9A1CC2B0EE00BF7801 /* DemoTests */ = {
			isa = PBXGroup;
			children = (
				19D89F9B1CC2B0EE00BF7801 /* DemoTests.m */,
				19D89F9D1CC2B0EE00BF7801 /* Info.plist */,
			);
			path = DemoTests;
			sourceTree = "<group>";
		};
		19D89FA51CC2B0EE00BF7801 /* DemoUITests */ = {
			isa = PBXGroup;
			children = (
				19D89FA61CC2B0EE00BF7801 /* DemoUITests.m */,
				19D89FA81CC2B0EE00BF7801 /* Info.plist */,
			);
			path = DemoUITests;
			sourceTree = "<group>";
		};
/* End PBXGroup section */

/* Begin PBXNativeTarget section */
		19D89F7D1CC2B0ED00BF7801 /* Demo */ = {
			isa = PBXNativeTarget;
			buildConfigurationList = 19D89FAB1CC2B0EE00BF7801 /* Build configuration list for PBXNativeTarget "Demo" */;
			buildPhases = (
				19D89F7A1CC2B0ED00BF7801 /* Sources */,
				19D89F7B1CC2B0ED00BF7801 /* Frameworks */,
				19D89F7C1CC2B0ED00BF7801 /* Resources */,
			);
			buildRules = (
			);
			dependencies = (
			);
			name = Demo;
			productName = Demo;
			productReference = 19D89F7E1CC2B0ED00BF7801 /* Demo.app */;
			productType = "com.apple.product-type.application";
		};
		19D89F961CC2B0EE00BF7801 /* DemoTests */ = {
			isa = PBXNativeTarget;
			buildConfigurationList = 19D89FAE1CC2B0EE00BF7801 /* Build configuration list for PBXNativeTarget "DemoTests" */;
			buildPhases = (
				19D89F931CC2B0EE00BF7801 /* Sources */,
				19D89F941CC2B0EE00BF7801 /* Frameworks */,
				19D89F951CC2B0EE00BF7801 /* Resources */,
			);
			buildRules = (
			);
			dependencies = (
				19D89F991CC2B0EE00BF7801 /* PBXTargetDependency */,
			);
			name = DemoTests;
			productName = DemoTests;
			productReference = 19D89F971CC2B0EE00BF7801 /* DemoTests.xctest */;
			productType = "com.apple.product-type.bundle.unit-test";
		};
		19D89FA11CC2B0EE00BF7801 /* DemoUITests */ = {
			isa = PBXNativeTarget;
			buildConfigurationList = 19D89FB11CC2B0EE00BF7801 /* Build configuration list for PBXNativeTarget "DemoUITests" */;
			buildPhases = (
				19D89F9E1CC2B0EE00BF7801 /* Sources */,
				19D89F9F1CC2B0EE00BF7801 /* Frameworks */,
				19D89FA01CC2B0EE00BF7801 /* Resources */,
			);
			buildRules = (
			);
			dependencies = (
				19D89FA41CC2B0EE00BF7801 /* PBXTargetDependency */,
			);
			name = DemoUITests;
			productName = DemoUITests;
			productReference = 19D89FA21CC2B0EE00BF7801 /* DemoUITests.xctest */;
			productType = "com.apple.product-type.bundle.ui-testing";
		};
/* End PBXNativeTarget section */

/* Begin PBXProject section */
		19D89F761CC2B0ED00BF7801 /* Project object */ = {
			isa = PBXProject;
			attributes = {
				LastUpgradeCheck = 0720;
				ORGANIZATIONNAME = "刘绍殚";
				TargetAttributes = {
					19D89F7D1CC2B0ED00BF7801 = {
						CreatedOnToolsVersion = 7.2.1;
						DevelopmentTeam = 9PDA349JBA;
					};
					19D89F961CC2B0EE00BF7801 = {
						CreatedOnToolsVersion = 7.2.1;
						TestTargetID = 19D89F7D1CC2B0ED00BF7801;
					};
					19D89FA11CC2B0EE00BF7801 = {
						CreatedOnToolsVersion = 7.2.1;
						TestTargetID = 19D89F7D1CC2B0ED00BF7801;
					};
				};
			};
			buildConfigurationList = 19D89F791CC2B0ED00BF7801 /* Build configuration list for PBXProject "Demo" */;
			compatibilityVersion = "Xcode 3.2";
			developmentRegion = English;
			hasScannedForEncodings = 0;
			knownRegions = (
				en,
				Base,
			);
			mainGroup = 19D89F751CC2B0ED00BF7801;
			productRefGroup = 19D89F7F1CC2B0ED00BF7801 /* Products */;
			projectDirPath = "";
			projectRoot = "";
			targets = (
				19D89F7D1CC2B0ED00BF7801 /* Demo */,
				19D89F961CC2B0EE00BF7801 /* DemoTests */,
				19D89FA11CC2B0EE00BF7801 /* DemoUITests */,
			);
		};
/* End PBXProject section */

/* Begin PBXResourcesBuildPhase section */
		19D89F7C1CC2B0ED00BF7801 /* Resources */ = {
			isa = PBXResourcesBuildPhase;
			buildActionMask = 2147483647;
			files = (
				19D89F911CC2B0ED00BF7801 /* LaunchScreen.storyboard in Resources */,
				19D89F8E1CC2B0ED00BF7801 /* Assets.xcassets in Resources */,
				19D89F8C1CC2B0ED00BF7801 /* Main.storyboard in Resources */,
			);
			runOnlyForDeploymentPostprocessing = 0;
		};
		19D89F951CC2B0EE00BF7801 /* Resources */ = {
			isa = PBXResourcesBuildPhase;
			buildActionMask = 2147483647;
			files = (
			);
			runOnlyForDeploymentPostprocessing = 0;
		};
		19D89FA01CC2B0EE00BF7801 /* Resources */ = {
			isa = PBXResourcesBuildPhase;
			buildActionMask = 2147483647;
			files = (
			);
			runOnlyForDeploymentPostprocessing = 0;
		};
/* End PBXResourcesBuildPhase section */

/* Begin PBXSourcesBuildPhase section */
		19D89F7A1CC2B0ED00BF7801 /* Sources */ = {
			isa = PBXSourcesBuildPhase;
			buildActionMask = 2147483647;
			files = (
				3E8FA4AB1CC5D80000416AC1 /* YYMylayer.m in Sources */,
				19D89F891CC2B0ED00BF7801 /* ViewController.m in Sources */,
				19D89F861CC2B0ED00BF7801 /* AppDelegate.m in Sources */,
				19D89FB61CC2B29D00BF7801 /* TXTouchView.m in Sources */,
				19D89F831CC2B0ED00BF7801 /* main.m in Sources */,
			);
			runOnlyForDeploymentPostprocessing = 0;
		};
		19D89F931CC2B0EE00BF7801 /* Sources */ = {
			isa = PBXSourcesBuildPhase;
			buildActionMask = 2147483647;
			files = (
				19D89F9C1CC2B0EE00BF7801 /* DemoTests.m in Sources */,
			);
			runOnlyForDeploymentPostprocessing = 0;
		};
		19D89F9E1CC2B0EE00BF7801 /* Sources */ = {
			isa = PBXSourcesBuildPhase;
			buildActionMask = 2147483647;
			files = (
				19D89FA71CC2B0EE00BF7801 /* DemoUITests.m in Sources */,
			);
			runOnlyForDeploymentPostprocessing = 0;
		};
/* End PBXSourcesBuildPhase section */

/* Begin PBXTargetDependency section */
		19D89F991CC2B0EE00BF7801 /* PBXTargetDependency */ = {
			isa = PBXTargetDependency;
			target = 19D89F7D1CC2B0ED00BF7801 /* Demo */;
			targetProxy = 19D89F981CC2B0EE00BF7801 /* PBXContainerItemProxy */;
		};
		19D89FA41CC2B0EE00BF7801 /* PBXTargetDependency */ = {
			isa = PBXTargetDependency;
			target = 19D89F7D1CC2B0ED00BF7801 /* Demo */;
			targetProxy = 19D89FA31CC2B0EE00BF7801 /* PBXContainerItemProxy */;
		};
/* End PBXTargetDependency section */

/* Begin PBXVariantGroup section */
		19D89F8A1CC2B0ED00BF7801 /* Main.storyboard */ = {
			isa = PBXVariantGroup;
			children = (
				19D89F8B1CC2B0ED00BF7801 /* Base */,
			);
			name = Main.storyboard;
			sourceTree = "<group>";
		};
		19D89F8F1CC2B0ED00BF7801 /* LaunchScreen.storyboard */ = {
			isa = PBXVariantGroup;
			children = (
				19D89F901CC2B0ED00BF7801 /* Base */,
			);
			name = LaunchScreen.storyboard;
			sourceTree = "<group>";
		};
/* End PBXVariantGroup section */

/* Begin XCBuildConfiguration section */
		19D89FA91CC2B0EE00BF7801 /* Debug */ = {
			isa = XCBuildConfiguration;
			buildSettings = {
				ALWAYS_SEARCH_USER_PATHS = NO;
				CLANG_CXX_LANGUAGE_STANDARD = "gnu++0x";
				CLANG_CXX_LIBRARY = "libc++";
				CLANG_ENABLE_MODULES = YES;
				CLANG_ENABLE_OBJC_ARC = YES;
				CLANG_WARN_BOOL_CONVERSION = YES;
				CLANG_WARN_CONSTANT_CONVERSION = YES;
				CLANG_WARN_DIRECT_OBJC_ISA_USAGE = YES_ERROR;
				CLANG_WARN_EMPTY_BODY = YES;
				CLANG_WARN_ENUM_CONVERSION = YES;
				CLANG_WARN_INT_CONVERSION = YES;
				CLANG_WARN_OBJC_ROOT_CLASS = YES_ERROR;
				CLANG_WARN_UNREACHABLE_CODE = YES;
				CLANG_WARN__DUPLICATE_METHOD_MATCH = YES;
				"CODE_SIGN_IDENTITY[sdk=iphoneos*]" = "iPhone Developer";
				COPY_PHASE_STRIP = NO;
				DEBUG_INFORMATION_FORMAT = dwarf;
				ENABLE_STRICT_OBJC_MSGSEND = YES;
				ENABLE_TESTABILITY = YES;
				GCC_C_LANGUAGE_STANDARD = gnu99;
				GCC_DYNAMIC_NO_PIC = NO;
				GCC_NO_COMMON_BLOCKS = YES;
				GCC_OPTIMIZATION_LEVEL = 0;
				GCC_PREPROCESSOR_DEFINITIONS = (
					"DEBUG=1",
					"$(inherited)",
				);
				GCC_WARN_64_TO_32_BIT_CONVERSION = YES;
				GCC_WARN_ABOUT_RETURN_TYPE = YES_ERROR;
				GCC_WARN_UNDECLARED_SELECTOR = YES;
				GCC_WARN_UNINITIALIZED_AUTOS = YES_AGGRESSIVE;
				GCC_WARN_UNUSED_FUNCTION = YES;
				GCC_WARN_UNUSED_VARIABLE = YES;
				IPHONEOS_DEPLOYMENT_TARGET = 9.2;
				MTL_ENABLE_DEBUG_INFO = YES;
				ONLY_ACTIVE_ARCH = YES;
				SDKROOT = iphoneos;
			};
			name = Debug;
		};
		19D89FAA1CC2B0EE00BF7801 /* Release */ = {
			isa = XCBuildConfiguration;
			buildSettings = {
				ALWAYS_SEARCH_USER_PATHS = NO;
				CLANG_CXX_LANGUAGE_STANDARD = "gnu++0x";
				CLANG_CXX_LIBRARY = "libc++";
				CLANG_ENABLE_MODULES = YES;
				CLANG_ENABLE_OBJC_ARC = YES;
				CLANG_WARN_BOOL_CONVERSION = YES;
				CLANG_WARN_CONSTANT_CONVERSION = YES;
				CLANG_WARN_DIRECT_OBJC_ISA_USAGE = YES_ERROR;
				CLANG_WARN_EMPTY_BODY = YES;
				CLANG_WARN_ENUM_CONVERSION = YES;
				CLANG_WARN_INT_CONVERSION = YES;
				CLANG_WARN_OBJC_ROOT_CLASS = YES_ERROR;
				CLANG_WARN_UNREACHABLE_CODE = YES;
				CLANG_WARN__DUPLICATE_METHOD_MATCH = YES;
				"CODE_SIGN_IDENTITY[sdk=iphoneos*]" = "iPhone Developer";
				COPY_PHASE_STRIP = NO;
				DEBUG_INFORMATION_FORMAT = "dwarf-with-dsym";
				ENABLE_NS_ASSERTIONS = NO;
				ENABLE_STRICT_OBJC_MSGSEND = YES;
				GCC_C_LANGUAGE_STANDARD = gnu99;
				GCC_NO_COMMON_BLOCKS = YES;
				GCC_WARN_64_TO_32_BIT_CONVERSION = YES;
				GCC_WARN_ABOUT_RETURN_TYPE = YES_ERROR;
				GCC_WARN_UNDECLARED_SELECTOR = YES;
				GCC_WARN_UNINITIALIZED_AUTOS = YES_AGGRESSIVE;
				GCC_WARN_UNUSED_FUNCTION = YES;
				GCC_WARN_UNUSED_VARIABLE = YES;
				IPHONEOS_DEPLOYMENT_TARGET = 9.2;
				MTL_ENABLE_DEBUG_INFO = NO;
				SDKROOT = iphoneos;
				VALIDATE_PRODUCT = YES;
			};
			name = Release;
		};
		19D89FAC1CC2B0EE00BF7801 /* Debug */ = {
			isa = XCBuildConfiguration;
			buildSettings = {
				ASSETCATALOG_COMPILER_APPICON_NAME = AppIcon;
				CODE_SIGN_IDENTITY = "iPhone Developer";
				INFOPLIST_FILE = Demo/Info.plist;
				IPHONEOS_DEPLOYMENT_TARGET = 8.3;
				LD_RUNPATH_SEARCH_PATHS = "$(inherited) @executable_path/Frameworks";
				PRODUCT_BUNDLE_IDENTIFIER = com.liushaodan.Demo;
				PRODUCT_NAME = "$(TARGET_NAME)";
				PROVISIONING_PROFILE = "";
			};
			name = Debug;
		};
		19D89FAD1CC2B0EE00BF7801 /* Release */ = {
			isa = XCBuildConfiguration;
			buildSettings = {
				ASSETCATALOG_COMPILER_APPICON_NAME = AppIcon;
				CODE_SIGN_IDENTITY = "iPhone Developer";
				INFOPLIST_FILE = Demo/Info.plist;
				IPHONEOS_DEPLOYMENT_TARGET = 8.3;
				LD_RUNPATH_SEARCH_PATHS = "$(inherited) @executable_path/Frameworks";
				PRODUCT_BUNDLE_IDENTIFIER = com.liushaodan.Demo;
				PRODUCT_NAME = "$(TARGET_NAME)";
				PROVISIONING_PROFILE = "";
			};
			name = Release;
		};
		19D89FAF1CC2B0EE00BF7801 /* Debug */ = {
			isa = XCBuildConfiguration;
			buildSettings = {
				BUNDLE_LOADER = "$(TEST_HOST)";
				INFOPLIST_FILE = DemoTests/Info.plist;
				LD_RUNPATH_SEARCH_PATHS = "$(inherited) @executable_path/Frameworks @loader_path/Frameworks";
				PRODUCT_BUNDLE_IDENTIFIER = com.liushaodan.DemoTests;
				PRODUCT_NAME = "$(TARGET_NAME)";
				TEST_HOST = "$(BUILT_PRODUCTS_DIR)/Demo.app/Demo";
			};
			name = Debug;
		};
		19D89FB01CC2B0EE00BF7801 /* Release */ = {
			isa = XCBuildConfiguration;
			buildSettings = {
				BUNDLE_LOADER = "$(TEST_HOST)";
				INFOPLIST_FILE = DemoTests/Info.plist;
				LD_RUNPATH_SEARCH_PATHS = "$(inherited) @executable_path/Frameworks @loader_path/Frameworks";
				PRODUCT_BUNDLE_IDENTIFIER = com.liushaodan.DemoTests;
				PRODUCT_NAME = "$(TARGET_NAME)";
				TEST_HOST = "$(BUILT_PRODUCTS_DIR)/Demo.app/Demo";
			};
			name = Release;
		};
		19D89FB21CC2B0EE00BF7801 /* Debug */ = {
			isa = XCBuildConfiguration;
			buildSettings = {
				INFOPLIST_FILE = DemoUITests/Info.plist;
				LD_RUNPATH_SEARCH_PATHS = "$(inherited) @executable_path/Frameworks @loader_path/Frameworks";
				PRODUCT_BUNDLE_IDENTIFIER = com.liushaodan.DemoUITests;
				PRODUCT_NAME = "$(TARGET_NAME)";
				TEST_TARGET_NAME = Demo;
				USES_XCTRUNNER = YES;
			};
			name = Debug;
		};
		19D89FB31CC2B0EE00BF7801 /* Release */ = {
			isa = XCBuildConfiguration;
			buildSettings = {
				INFOPLIST_FILE = DemoUITests/Info.plist;
				LD_RUNPATH_SEARCH_PATHS = "$(inherited) @executable_path/Frameworks @loader_path/Frameworks";
				PRODUCT_BUNDLE_IDENTIFIER = com.liushaodan.DemoUITests;
				PRODUCT_NAME = "$(TARGET_NAME)";
				TEST_TARGET_NAME = Demo;
				USES_XCTRUNNER = YES;
			};
			name = Release;
		};
/* End XCBuildConfiguration section */

/* Begin XCConfigurationList section */
		19D89F791CC2B0ED00BF7801 /* Build configuration list for PBXProject "Demo" */ = {
			isa = XCConfigurationList;
			buildConfigurations = (
				19D89FA91CC2B0EE00BF7801 /* Debug */,
				19D89FAA1CC2B0EE00BF7801 /* Release */,
			);
			defaultConfigurationIsVisible = 0;
			defaultConfigurationName = Release;
		};
		19D89FAB1CC2B0EE00BF7801 /* Build configuration list for PBXNativeTarget "Demo" */ = {
			isa = XCConfigurationList;
			buildConfigurations = (
				19D89FAC1CC2B0EE00BF7801 /* Debug */,
				19D89FAD1CC2B0EE00BF7801 /* Release */,
			);
			defaultConfigurationIsVisible = 0;
			defaultConfigurationName = Release;
		};
		19D89FAE1CC2B0EE00BF7801 /* Build configuration list for PBXNativeTarget "DemoTests" */ = {
			isa = XCConfigurationList;
			buildConfigurations = (
				19D89FAF1CC2B0EE00BF7801 /* Debug */,
				19D89FB01CC2B0EE00BF7801 /* Release */,
			);
			defaultConfigurationIsVisible = 0;
			defaultConfigurationName = Release;
		};
		19D89FB11CC2B0EE00BF7801 /* Build configuration list for PBXNativeTarget "DemoUITests" */ = {
			isa = XCConfigurationList;
			buildConfigurations = (
				19D89FB21CC2B0EE00BF7801 /* Debug */,
				19D89FB31CC2B0EE00BF7801 /* Release */,
			);
			defaultConfigurationIsVisible = 0;
			defaultConfigurationName = Release;
		};
/* End XCConfigurationList section */
	};
	rootObject = 19D89F761CC2B0ED00BF7801 /* Project object */;
}
